
Microsoft Visual Studio Solution File, Format Version 12.00
Project("{FAE04EC0-301F-11D3-BF4B-00C04F79EFBC}") = "N1-WebAplikazioa", "N1-WebAplikazioa\N1-WebAplikazioa.csproj", "{14E09074-AD8C-4DAC-A912-373B0E5A51EF}"
EndProject
Global
	GlobalSection(SolutionConfigurationPlatforms) = preSolution
		Debug|Any CPU = Debug|Any CPU
		Release|Any CPU = Release|Any CPU
	EndGlobalSection
	GlobalSection(ProjectConfigurationPlatforms) = postSolution
		{14E09074-AD8C-4DAC-A912-373B0E5A51EF}.Debug|Any CPU.ActiveCfg = Debug|Any CPU
		{14E09074-AD8C-4DAC-A912-373B0E5A51EF}.Debug|Any CPU.Build.0 = Debug|Any CPU
		{14E09074-AD8C-4DAC-A912-373B0E5A51EF}.Release|Any CPU.ActiveCfg = Release|Any CPU
		{14E09074-AD8C-4DAC-A912-373B0E5A51EF}.Release|Any CPU.Build.0 = Release|Any CPU
	EndGlobalSection
EndGlobal
