
Microsoft Visual Studio Solution File, Format Version 12.00
# Visual Studio Version 17
VisualStudioVersion = 17.4.33110.190
MinimumVisualStudioVersion = 10.0.40219.1
Project("{9A19103F-16F7-4668-BE54-9A1E7A4F7556}") = "N1-WebAplikazioa", "N1-WebAplikazioa\N1-WebAplikazioa.csproj", "{14E09074-AD8C-4DAC-A912-373B0E5A51EF}"
EndProject
Project("{FAE04EC0-301F-11D3-BF4B-00C04F79EFBC}") = "DokuN1WebApp", "DokuN1WebApp\DokuN1WebApp.csproj", "{6AD6DD75-24E7-45AC-BF48-0AB6D071D42A}"
EndProject
Global
	GlobalSection(SolutionConfigurationPlatforms) = preSolution
		Debug|Any CPU = Debug|Any CPU
		Release|Any CPU = Release|Any CPU
	EndGlobalSection
	GlobalSection(ProjectConfigurationPlatforms) = postSolution
		{14E09074-AD8C-4DAC-A912-373B0E5A51EF}.Debug|Any CPU.ActiveCfg = Debug|Any CPU
		{14E09074-AD8C-4DAC-A912-373B0E5A51EF}.Debug|Any CPU.Build.0 = Debug|Any CPU
		{14E09074-AD8C-4DAC-A912-373B0E5A51EF}.Release|Any CPU.ActiveCfg = Release|Any CPU
		{14E09074-AD8C-4DAC-A912-373B0E5A51EF}.Release|Any CPU.Build.0 = Release|Any CPU
		{6AD6DD75-24E7-45AC-BF48-0AB6D071D42A}.Debug|Any CPU.ActiveCfg = Debug|Any CPU
		{6AD6DD75-24E7-45AC-BF48-0AB6D071D42A}.Debug|Any CPU.Build.0 = Debug|Any CPU
		{6AD6DD75-24E7-45AC-BF48-0AB6D071D42A}.Release|Any CPU.ActiveCfg = Release|Any CPU
		{6AD6DD75-24E7-45AC-BF48-0AB6D071D42A}.Release|Any CPU.Build.0 = Release|Any CPU
	EndGlobalSection
	GlobalSection(SolutionProperties) = preSolution
		HideSolutionNode = FALSE
	EndGlobalSection
	GlobalSection(ExtensibilityGlobals) = postSolution
		SolutionGuid = {1CE0D45E-F504-41C4-A0CD-68737AB90A15}
	EndGlobalSection
EndGlobal
